
Microsoft Visual Studio Solution File, Format Version 12.00
# Visual Studio Version 17
VisualStudioVersion = 17.3.32922.545
MinimumVisualStudioVersion = 10.0.40219.1
Project("{E24C65DC-7377-472B-9ABA-BC803B73C61A}") = "E-School", ".", "{01CFA57F-450F-4A6C-B34B-F0C6948C4842}"
	ProjectSection(WebsiteProperties) = preProject
		TargetFrameworkMoniker = ".NETFramework,Version%3Dv4.8"
		Debug.AspNetCompiler.VirtualPath = "/localhost_8212"
		Debug.AspNetCompiler.PhysicalPath = "D:\My projects Learn\E-School\"
		Debug.AspNetCompiler.TargetPath = "PrecompiledWeb\localhost_8212\"
		Debug.AspNetCompiler.Updateable = "true"
		Debug.AspNetCompiler.ForceOverwrite = "true"
		Debug.AspNetCompiler.FixedNames = "false"
		Debug.AspNetCompiler.Debug = "True"
		Release.AspNetCompiler.VirtualPath = "/localhost_8212"
		Release.AspNetCompiler.PhysicalPath = "D:\My projects Learn\E-School\"
		Release.AspNetCompiler.TargetPath = "PrecompiledWeb\localhost_8212\"
		Release.AspNetCompiler.Updateable = "true"
		Release.AspNetCompiler.ForceOverwrite = "true"
		Release.AspNetCompiler.FixedNames = "false"
		Release.AspNetCompiler.Debug = "False"
		VWDPort = "8212"
	EndProjectSection
EndProject
Global
	GlobalSection(SolutionConfigurationPlatforms) = preSolution
		Debug|Any CPU = Debug|Any CPU
	EndGlobalSection
	GlobalSection(ProjectConfigurationPlatforms) = postSolution
		{01CFA57F-450F-4A6C-B34B-F0C6948C4842}.Debug|Any CPU.ActiveCfg = Debug|Any CPU
		{01CFA57F-450F-4A6C-B34B-F0C6948C4842}.Debug|Any CPU.Build.0 = Debug|Any CPU
	EndGlobalSection
	GlobalSection(SolutionProperties) = preSolution
		HideSolutionNode = FALSE
	EndGlobalSection
	GlobalSection(ExtensibilityGlobals) = postSolution
		SolutionGuid = {F566EA61-FF12-460E-A64F-5605644FD9D9}
	EndGlobalSection
EndGlobal
